<?xml version="1.0" encoding="utf-8"?>
<Project ToolsVersion="16.0" xmlns="http://schemas.microsoft.com/developer/msbuild/2003">
  <ItemGroup>
    <ClCompile Include="Z:\Clion\Raytracer\main.cpp">
      <Filter>Source Files</Filter>
    </ClCompile>
  </ItemGroup>
  <ItemGroup>
    <ClInclude Include="Z:\Clion\Raytracer\vec3.h">
      <Filter>Header Files</Filter>
    </ClInclude>
    <ClInclude Include="Z:\Clion\Raytracer\color.h">
      <Filter>Header Files</Filter>
    </ClInclude>
    <ClInclude Include="Z:\Clion\Raytracer\ray.h">
      <Filter>Header Files</Filter>
    </ClInclude>
    <ClInclude Include="Z:\Clion\Raytracer\hittable.h">
      <Filter>Header Files</Filter>
    </ClInclude>
    <ClInclude Include="Z:\Clion\Raytracer\sphere.h">
      <Filter>Header Files</Filter>
    </ClInclude>
    <ClInclude Include="Z:\Clion\Raytracer\hittable_list.h">
      <Filter>Header Files</Filter>
    </ClInclude>
    <ClInclude Include="Z:\Clion\Raytracer\raytracer.h">
      <Filter>Header Files</Filter>
    </ClInclude>
    <ClInclude Include="Z:\Clion\Raytracer\interval.h">
      <Filter>Header Files</Filter>
    </ClInclude>
    <ClInclude Include="Z:\Clion\Raytracer\camera.h">
      <Filter>Header Files</Filter>
    </ClInclude>
    <ClInclude Include="Z:\Clion\Raytracer\material.h">
      <Filter>Header Files</Filter>
    </ClInclude>
  </ItemGroup>
  <ItemGroup>
    <CustomBuild Include="Z:\Clion\Raytracer\CMakeLists.txt" />
  </ItemGroup>
  <ItemGroup>
    <Filter Include="Header Files">
      <UniqueIdentifier>{87737C3B-ADA7-3001-A801-E81F3E73E2F1}</UniqueIdentifier>
    </Filter>
    <Filter Include="Source Files">
      <UniqueIdentifier>{5B1E7DC0-C6B0-3A54-A124-7C43C3006161}</UniqueIdentifier>
    </Filter>
  </ItemGroup>
</Project>
